
Microsoft Visual Studio Solution File, Format Version 12.00
# Visual Studio Version 17
VisualStudioVersion = 17.8.34322.80
MinimumVisualStudioVersion = 10.0.40219.1
Project("{9A19103F-16F7-4668-BE54-9A1E7A4F7556}") = "FinnhubDotNet", "FinnhubDotNet\FinnhubDotNet.csproj", "{0599532C-C0A6-427D-B117-D357211BC746}"
EndProject
Project("{2150E333-8FDC-42A3-9474-1A3956D46DE8}") = "Solution Items", "Solution Items", "{C671D996-DD57-4B73-95A4-482782A7F42A}"
	ProjectSection(SolutionItems) = preProject
		.editorconfig = .editorconfig
	EndProjectSection
EndProject
Project("{9A19103F-16F7-4668-BE54-9A1E7A4F7556}") = "Demo", "Demo\Demo.csproj", "{DD92B722-AFCB-45E7-8FB2-ACC19C525047}"
EndProject
Global
	GlobalSection(SolutionConfigurationPlatforms) = preSolution
		Debug|Any CPU = Debug|Any CPU
		Release|Any CPU = Release|Any CPU
	EndGlobalSection
	GlobalSection(ProjectConfigurationPlatforms) = postSolution
		{0599532C-C0A6-427D-B117-D357211BC746}.Debug|Any CPU.ActiveCfg = Debug|Any CPU
		{0599532C-C0A6-427D-B117-D357211BC746}.Debug|Any CPU.Build.0 = Debug|Any CPU
		{0599532C-C0A6-427D-B117-D357211BC746}.Release|Any CPU.ActiveCfg = Release|Any CPU
		{0599532C-C0A6-427D-B117-D357211BC746}.Release|Any CPU.Build.0 = Release|Any CPU
		{DD92B722-AFCB-45E7-8FB2-ACC19C525047}.Debug|Any CPU.ActiveCfg = Debug|Any CPU
		{DD92B722-AFCB-45E7-8FB2-ACC19C525047}.Debug|Any CPU.Build.0 = Debug|Any CPU
		{DD92B722-AFCB-45E7-8FB2-ACC19C525047}.Release|Any CPU.ActiveCfg = Release|Any CPU
		{DD92B722-AFCB-45E7-8FB2-ACC19C525047}.Release|Any CPU.Build.0 = Release|Any CPU
	EndGlobalSection
	GlobalSection(SolutionProperties) = preSolution
		HideSolutionNode = FALSE
	EndGlobalSection
	GlobalSection(ExtensibilityGlobals) = postSolution
		SolutionGuid = {314E93C9-45D8-41CC-9610-8A9C0918CA43}
	EndGlobalSection
EndGlobal
